// !$*UTF8*$!
{
	archiveVersion = 1;
	classes = {
	};
	objectVersion = 56;
	objects = {

/* Begin PBXBuildFile section */
		03234CDA2B13C43900675675 /* AppDelegate.swift in Sources */ = {isa = PBXBuildFile; fileRef = 03234CD92B13C43900675675 /* AppDelegate.swift */; };
		03234CDC2B13C43900675675 /* SceneDelegate.swift in Sources */ = {isa = PBXBuildFile; fileRef = 03234CDB2B13C43900675675 /* SceneDelegate.swift */; };
		03234CDE2B13C43900675675 /* ViewController.swift in Sources */ = {isa = PBXBuildFile; fileRef = 03234CDD2B13C43900675675 /* ViewController.swift */; };
		03234CE12B13C43900675675 /* Main.storyboard in Resources */ = {isa = PBXBuildFile; fileRef = 03234CDF2B13C43900675675 /* Main.storyboard */; };
		03234CE32B13C43A00675675 /* Assets.xcassets in Resources */ = {isa = PBXBuildFile; fileRef = 03234CE22B13C43A00675675 /* Assets.xcassets */; };
		03234CE62B13C43A00675675 /* LaunchScreen.storyboard in Resources */ = {isa = PBXBuildFile; fileRef = 03234CE42B13C43A00675675 /* LaunchScreen.storyboard */; };
		03234CF12B13C43A00675675 /* KiDARTests.swift in Sources */ = {isa = PBXBuildFile; fileRef = 03234CF02B13C43A00675675 /* KiDARTests.swift */; };
		03234CFB2B13C43A00675675 /* KiDARUITests.swift in Sources */ = {isa = PBXBuildFile; fileRef = 03234CFA2B13C43A00675675 /* KiDARUITests.swift */; };
		03234CFD2B13C43A00675675 /* KiDARUITestsLaunchTests.swift in Sources */ = {isa = PBXBuildFile; fileRef = 03234CFC2B13C43A00675675 /* KiDARUITestsLaunchTests.swift */; };
		03234D0A2B13C44F00675675 /* emergencyBeepSound1.mp3 in Resources */ = {isa = PBXBuildFile; fileRef = 03234D092B13C44F00675675 /* emergencyBeepSound1.mp3 */; };
		03234D0C2B13C45600675675 /* emergencyBeepSound3.mp3 in Resources */ = {isa = PBXBuildFile; fileRef = 03234D0B2B13C45600675675 /* emergencyBeepSound3.mp3 */; };
		03234D0E2B13C45E00675675 /* emergencyBeepSound2.mp3 in Resources */ = {isa = PBXBuildFile; fileRef = 03234D0D2B13C45E00675675 /* emergencyBeepSound2.mp3 */; };
		034D03292B15905B00FB4C20 /* swipe.mp3 in Resources */ = {isa = PBXBuildFile; fileRef = 034D03282B15905B00FB4C20 /* swipe.mp3 */; };
		034D032B2B15906300FB4C20 /* singleTap.mp3 in Resources */ = {isa = PBXBuildFile; fileRef = 034D032A2B15906300FB4C20 /* singleTap.mp3 */; };
		034D032D2B15906C00FB4C20 /* doubleTap.mp3 in Resources */ = {isa = PBXBuildFile; fileRef = 034D032C2B15906C00FB4C20 /* doubleTap.mp3 */; };
/* End PBXBuildFile section */

/* Begin PBXContainerItemProxy section */
		03234CED2B13C43A00675675 /* PBXContainerItemProxy */ = {
			isa = PBXContainerItemProxy;
			containerPortal = 03234CCE2B13C43900675675 /* Project object */;
			proxyType = 1;
			remoteGlobalIDString = 03234CD52B13C43900675675;
			remoteInfo = KiDAR;
		};
		03234CF72B13C43A00675675 /* PBXContainerItemProxy */ = {
			isa = PBXContainerItemProxy;
			containerPortal = 03234CCE2B13C43900675675 /* Project object */;
			proxyType = 1;
			remoteGlobalIDString = 03234CD52B13C43900675675;
			remoteInfo = KiDAR;
		};
/* End PBXContainerItemProxy section */

/* Begin PBXFileReference section */
		03234CD62B13C43900675675 /* AiDAR.app */ = {isa = PBXFileReference; explicitFileType = wrapper.application; includeInIndex = 0; path = AiDAR.app; sourceTree = BUILT_PRODUCTS_DIR; };
		03234CD92B13C43900675675 /* AppDelegate.swift */ = {isa = PBXFileReference; lastKnownFileType = sourcecode.swift; path = AppDelegate.swift; sourceTree = "<group>"; };
		03234CDB2B13C43900675675 /* SceneDelegate.swift */ = {isa = PBXFileReference; lastKnownFileType = sourcecode.swift; path = SceneDelegate.swift; sourceTree = "<group>"; };
		03234CDD2B13C43900675675 /* ViewController.swift */ = {isa = PBXFileReference; lastKnownFileType = sourcecode.swift; path = ViewController.swift; sourceTree = "<group>"; };
		03234CE02B13C43900675675 /* Base */ = {isa = PBXFileReference; lastKnownFileType = file.storyboard; name = Base; path = Base.lproj/Main.storyboard; sourceTree = "<group>"; };
		03234CE22B13C43A00675675 /* Assets.xcassets */ = {isa = PBXFileReference; lastKnownFileType = folder.assetcatalog; path = Assets.xcassets; sourceTree = "<group>"; };
		03234CE52B13C43A00675675 /* Base */ = {isa = PBXFileReference; lastKnownFileType = file.storyboard; name = Base; path = Base.lproj/LaunchScreen.storyboard; sourceTree = "<group>"; };
		03234CE72B13C43A00675675 /* Info.plist */ = {isa = PBXFileReference; lastKnownFileType = text.plist.xml; path = Info.plist; sourceTree = "<group>"; };
		03234CEC2B13C43A00675675 /* AiDARTests.xctest */ = {isa = PBXFileReference; explicitFileType = wrapper.cfbundle; includeInIndex = 0; path = AiDARTests.xctest; sourceTree = BUILT_PRODUCTS_DIR; };
		03234CF02B13C43A00675675 /* KiDARTests.swift */ = {isa = PBXFileReference; lastKnownFileType = sourcecode.swift; path = KiDARTests.swift; sourceTree = "<group>"; };
		03234CF62B13C43A00675675 /* AiDARUITests.xctest */ = {isa = PBXFileReference; explicitFileType = wrapper.cfbundle; includeInIndex = 0; path = AiDARUITests.xctest; sourceTree = BUILT_PRODUCTS_DIR; };
		03234CFA2B13C43A00675675 /* KiDARUITests.swift */ = {isa = PBXFileReference; lastKnownFileType = sourcecode.swift; path = KiDARUITests.swift; sourceTree = "<group>"; };
		03234CFC2B13C43A00675675 /* KiDARUITestsLaunchTests.swift */ = {isa = PBXFileReference; lastKnownFileType = sourcecode.swift; path = KiDARUITestsLaunchTests.swift; sourceTree = "<group>"; };
		03234D092B13C44F00675675 /* emergencyBeepSound1.mp3 */ = {isa = PBXFileReference; lastKnownFileType = audio.mp3; name = emergencyBeepSound1.mp3; path = ../../../Downloads/emergencyBeepSound1.mp3; sourceTree = "<group>"; };
		03234D0B2B13C45600675675 /* emergencyBeepSound3.mp3 */ = {isa = PBXFileReference; lastKnownFileType = audio.mp3; name = emergencyBeepSound3.mp3; path = ../../../Downloads/emergencyBeepSound3.mp3; sourceTree = "<group>"; };
		03234D0D2B13C45E00675675 /* emergencyBeepSound2.mp3 */ = {isa = PBXFileReference; lastKnownFileType = audio.mp3; name = emergencyBeepSound2.mp3; path = ../../../Downloads/emergencyBeepSound2.mp3; sourceTree = "<group>"; };
		034D03282B15905B00FB4C20 /* swipe.mp3 */ = {isa = PBXFileReference; lastKnownFileType = audio.mp3; path = swipe.mp3; sourceTree = "<group>"; };
		034D032A2B15906300FB4C20 /* singleTap.mp3 */ = {isa = PBXFileReference; lastKnownFileType = audio.mp3; path = singleTap.mp3; sourceTree = "<group>"; };
		034D032C2B15906C00FB4C20 /* doubleTap.mp3 */ = {isa = PBXFileReference; lastKnownFileType = audio.mp3; path = doubleTap.mp3; sourceTree = "<group>"; };
/* End PBXFileReference section */

/* Begin PBXFrameworksBuildPhase section */
		03234CD32B13C43900675675 /* Frameworks */ = {
			isa = PBXFrameworksBuildPhase;
			buildActionMask = 2147483647;
			files = (
			);
			runOnlyForDeploymentPostprocessing = 0;
		};
		03234CE92B13C43A00675675 /* Frameworks */ = {
			isa = PBXFrameworksBuildPhase;
			buildActionMask = 2147483647;
			files = (
			);
			runOnlyForDeploymentPostprocessing = 0;
		};
		03234CF32B13C43A00675675 /* Frameworks */ = {
			isa = PBXFrameworksBuildPhase;
			buildActionMask = 2147483647;
			files = (
			);
			runOnlyForDeploymentPostprocessing = 0;
		};
/* End PBXFrameworksBuildPhase section */

/* Begin PBXGroup section */
		03234CCD2B13C43900675675 = {
			isa = PBXGroup;
			children = (
				03234CD82B13C43900675675 /* KiDAR */,
				03234CEF2B13C43A00675675 /* KiDARTests */,
				03234CF92B13C43A00675675 /* KiDARUITests */,
				03234CD72B13C43900675675 /* Products */,
			);
			sourceTree = "<group>";
		};
		03234CD72B13C43900675675 /* Products */ = {
			isa = PBXGroup;
			children = (
				03234CD62B13C43900675675 /* AiDAR.app */,
				03234CEC2B13C43A00675675 /* AiDARTests.xctest */,
				03234CF62B13C43A00675675 /* AiDARUITests.xctest */,
			);
			name = Products;
			sourceTree = "<group>";
		};
		03234CD82B13C43900675675 /* KiDAR */ = {
			isa = PBXGroup;
			children = (
				03234CD92B13C43900675675 /* AppDelegate.swift */,
				03234CDB2B13C43900675675 /* SceneDelegate.swift */,
				03234CDD2B13C43900675675 /* ViewController.swift */,
				03234CDF2B13C43900675675 /* Main.storyboard */,
				03234CE22B13C43A00675675 /* Assets.xcassets */,
				03234CE42B13C43A00675675 /* LaunchScreen.storyboard */,
				03234D092B13C44F00675675 /* emergencyBeepSound1.mp3 */,
				03234D0D2B13C45E00675675 /* emergencyBeepSound2.mp3 */,
				03234D0B2B13C45600675675 /* emergencyBeepSound3.mp3 */,
				034D03282B15905B00FB4C20 /* swipe.mp3 */,
				034D032A2B15906300FB4C20 /* singleTap.mp3 */,
				034D032C2B15906C00FB4C20 /* doubleTap.mp3 */,
				03234CE72B13C43A00675675 /* Info.plist */,
			);
			path = KiDAR;
			sourceTree = "<group>";
		};
		03234CEF2B13C43A00675675 /* KiDARTests */ = {
			isa = PBXGroup;
			children = (
				03234CF02B13C43A00675675 /* KiDARTests.swift */,
			);
			path = KiDARTests;
			sourceTree = "<group>";
		};
		03234CF92B13C43A00675675 /* KiDARUITests */ = {
			isa = PBXGroup;
			children = (
				03234CFA2B13C43A00675675 /* KiDARUITests.swift */,
				03234CFC2B13C43A00675675 /* KiDARUITestsLaunchTests.swift */,
			);
			path = KiDARUITests;
			sourceTree = "<group>";
		};
/* End PBXGroup section */

/* Begin PBXNativeTarget section */
		03234CD52B13C43900675675 /* AiDAR */ = {
			isa = PBXNativeTarget;
			buildConfigurationList = 03234D002B13C43A00675675 /* Build configuration list for PBXNativeTarget "AiDAR" */;
			buildPhases = (
				03234CD22B13C43900675675 /* Sources */,
				03234CD32B13C43900675675 /* Frameworks */,
				03234CD42B13C43900675675 /* Resources */,
			);
			buildRules = (
			);
			dependencies = (
			);
			name = AiDAR;
			productName = KiDAR;
			productReference = 03234CD62B13C43900675675 /* AiDAR.app */;
			productType = "com.apple.product-type.application";
		};
		03234CEB2B13C43A00675675 /* AiDARTests */ = {
			isa = PBXNativeTarget;
			buildConfigurationList = 03234D032B13C43A00675675 /* Build configuration list for PBXNativeTarget "AiDARTests" */;
			buildPhases = (
				03234CE82B13C43A00675675 /* Sources */,
				03234CE92B13C43A00675675 /* Frameworks */,
				03234CEA2B13C43A00675675 /* Resources */,
			);
			buildRules = (
			);
			dependencies = (
				03234CEE2B13C43A00675675 /* PBXTargetDependency */,
			);
			name = AiDARTests;
			productName = KiDARTests;
			productReference = 03234CEC2B13C43A00675675 /* AiDARTests.xctest */;
			productType = "com.apple.product-type.bundle.unit-test";
		};
		03234CF52B13C43A00675675 /* AiDARUITests */ = {
			isa = PBXNativeTarget;
			buildConfigurationList = 03234D062B13C43A00675675 /* Build configuration list for PBXNativeTarget "AiDARUITests" */;
			buildPhases = (
				03234CF22B13C43A00675675 /* Sources */,
				03234CF32B13C43A00675675 /* Frameworks */,
				03234CF42B13C43A00675675 /* Resources */,
			);
			buildRules = (
			);
			dependencies = (
				03234CF82B13C43A00675675 /* PBXTargetDependency */,
			);
			name = AiDARUITests;
			productName = KiDARUITests;
			productReference = 03234CF62B13C43A00675675 /* AiDARUITests.xctest */;
			productType = "com.apple.product-type.bundle.ui-testing";
		};
/* End PBXNativeTarget section */

/* Begin PBXProject section */
		03234CCE2B13C43900675675 /* Project object */ = {
			isa = PBXProject;
			attributes = {
				BuildIndependentTargetsInParallel = 1;
				LastSwiftUpdateCheck = 1500;
				LastUpgradeCheck = 1500;
				TargetAttributes = {
					03234CD52B13C43900675675 = {
						CreatedOnToolsVersion = 15.0.1;
					};
					03234CEB2B13C43A00675675 = {
						CreatedOnToolsVersion = 15.0.1;
						TestTargetID = 03234CD52B13C43900675675;
					};
					03234CF52B13C43A00675675 = {
						CreatedOnToolsVersion = 15.0.1;
						TestTargetID = 03234CD52B13C43900675675;
					};
				};
			};
			buildConfigurationList = 03234CD12B13C43900675675 /* Build configuration list for PBXProject "AiDAR" */;
			compatibilityVersion = "Xcode 14.0";
			developmentRegion = en;
			hasScannedForEncodings = 0;
			knownRegions = (
				en,
				Base,
			);
			mainGroup = 03234CCD2B13C43900675675;
			productRefGroup = 03234CD72B13C43900675675 /* Products */;
			projectDirPath = "";
			projectRoot = "";
			targets = (
				03234CD52B13C43900675675 /* AiDAR */,
				03234CEB2B13C43A00675675 /* AiDARTests */,
				03234CF52B13C43A00675675 /* AiDARUITests */,
			);
		};
/* End PBXProject section */

/* Begin PBXResourcesBuildPhase section */
		03234CD42B13C43900675675 /* Resources */ = {
			isa = PBXResourcesBuildPhase;
			buildActionMask = 2147483647;
			files = (
				034D032D2B15906C00FB4C20 /* doubleTap.mp3 in Resources */,
				034D03292B15905B00FB4C20 /* swipe.mp3 in Resources */,
				03234CE62B13C43A00675675 /* LaunchScreen.storyboard in Resources */,
				034D032B2B15906300FB4C20 /* singleTap.mp3 in Resources */,
				03234D0E2B13C45E00675675 /* emergencyBeepSound2.mp3 in Resources */,
				03234CE32B13C43A00675675 /* Assets.xcassets in Resources */,
				03234D0A2B13C44F00675675 /* emergencyBeepSound1.mp3 in Resources */,
				03234D0C2B13C45600675675 /* emergencyBeepSound3.mp3 in Resources */,
				03234CE12B13C43900675675 /* Main.storyboard in Resources */,
			);
			runOnlyForDeploymentPostprocessing = 0;
		};
		03234CEA2B13C43A00675675 /* Resources */ = {
			isa = PBXResourcesBuildPhase;
			buildActionMask = 2147483647;
			files = (
			);
			runOnlyForDeploymentPostprocessing = 0;
		};
		03234CF42B13C43A00675675 /* Resources */ = {
			isa = PBXResourcesBuildPhase;
			buildActionMask = 2147483647;
			files = (
			);
			runOnlyForDeploymentPostprocessing = 0;
		};
/* End PBXResourcesBuildPhase section */

/* Begin PBXSourcesBuildPhase section */
		03234CD22B13C43900675675 /* Sources */ = {
			isa = PBXSourcesBuildPhase;
			buildActionMask = 2147483647;
			files = (
				03234CDE2B13C43900675675 /* ViewController.swift in Sources */,
				03234CDA2B13C43900675675 /* AppDelegate.swift in Sources */,
				03234CDC2B13C43900675675 /* SceneDelegate.swift in Sources */,
			);
			runOnlyForDeploymentPostprocessing = 0;
		};
		03234CE82B13C43A00675675 /* Sources */ = {
			isa = PBXSourcesBuildPhase;
			buildActionMask = 2147483647;
			files = (
				03234CF12B13C43A00675675 /* KiDARTests.swift in Sources */,
			);
			runOnlyForDeploymentPostprocessing = 0;
		};
		03234CF22B13C43A00675675 /* Sources */ = {
			isa = PBXSourcesBuildPhase;
			buildActionMask = 2147483647;
			files = (
				03234CFD2B13C43A00675675 /* KiDARUITestsLaunchTests.swift in Sources */,
				03234CFB2B13C43A00675675 /* KiDARUITests.swift in Sources */,
			);
			runOnlyForDeploymentPostprocessing = 0;
		};
/* End PBXSourcesBuildPhase section */

/* Begin PBXTargetDependency section */
		03234CEE2B13C43A00675675 /* PBXTargetDependency */ = {
			isa = PBXTargetDependency;
			target = 03234CD52B13C43900675675 /* AiDAR */;
			targetProxy = 03234CED2B13C43A00675675 /* PBXContainerItemProxy */;
		};
		03234CF82B13C43A00675675 /* PBXTargetDependency */ = {
			isa = PBXTargetDependency;
			target = 03234CD52B13C43900675675 /* AiDAR */;
			targetProxy = 03234CF72B13C43A00675675 /* PBXContainerItemProxy */;
		};
/* End PBXTargetDependency section */

/* Begin PBXVariantGroup section */
		03234CDF2B13C43900675675 /* Main.storyboard */ = {
			isa = PBXVariantGroup;
			children = (
				03234CE02B13C43900675675 /* Base */,
			);
			name = Main.storyboard;
			sourceTree = "<group>";
		};
		03234CE42B13C43A00675675 /* LaunchScreen.storyboard */ = {
			isa = PBXVariantGroup;
			children = (
				03234CE52B13C43A00675675 /* Base */,
			);
			name = LaunchScreen.storyboard;
			sourceTree = "<group>";
		};
/* End PBXVariantGroup section */

/* Begin XCBuildConfiguration section */
		03234CFE2B13C43A00675675 /* Debug */ = {
			isa = XCBuildConfiguration;
			buildSettings = {
				ALWAYS_SEARCH_USER_PATHS = NO;
				ASSETCATALOG_COMPILER_GENERATE_SWIFT_ASSET_SYMBOL_EXTENSIONS = YES;
				CLANG_ANALYZER_NONNULL = YES;
				CLANG_ANALYZER_NUMBER_OBJECT_CONVERSION = YES_AGGRESSIVE;
				CLANG_CXX_LANGUAGE_STANDARD = "gnu++20";
				CLANG_ENABLE_MODULES = YES;
				CLANG_ENABLE_OBJC_ARC = YES;
				CLANG_ENABLE_OBJC_WEAK = YES;
				CLANG_WARN_BLOCK_CAPTURE_AUTORELEASING = YES;
				CLANG_WARN_BOOL_CONVERSION = YES;
				CLANG_WARN_COMMA = YES;
				CLANG_WARN_CONSTANT_CONVERSION = YES;
				CLANG_WARN_DEPRECATED_OBJC_IMPLEMENTATIONS = YES;
				CLANG_WARN_DIRECT_OBJC_ISA_USAGE = YES_ERROR;
				CLANG_WARN_DOCUMENTATION_COMMENTS = YES;
				CLANG_WARN_EMPTY_BODY = YES;
				CLANG_WARN_ENUM_CONVERSION = YES;
				CLANG_WARN_INFINITE_RECURSION = YES;
				CLANG_WARN_INT_CONVERSION = YES;
				CLANG_WARN_NON_LITERAL_NULL_CONVERSION = YES;
				CLANG_WARN_OBJC_IMPLICIT_RETAIN_SELF = YES;
				CLANG_WARN_OBJC_LITERAL_CONVERSION = YES;
				CLANG_WARN_OBJC_ROOT_CLASS = YES_ERROR;
				CLANG_WARN_QUOTED_INCLUDE_IN_FRAMEWORK_HEADER = YES;
				CLANG_WARN_RANGE_LOOP_ANALYSIS = YES;
				CLANG_WARN_STRICT_PROTOTYPES = YES;
				CLANG_WARN_SUSPICIOUS_MOVE = YES;
				CLANG_WARN_UNGUARDED_AVAILABILITY = YES_AGGRESSIVE;
				CLANG_WARN_UNREACHABLE_CODE = YES;
				CLANG_WARN__DUPLICATE_METHOD_MATCH = YES;
				COPY_PHASE_STRIP = NO;
				DEBUG_INFORMATION_FORMAT = dwarf;
				ENABLE_STRICT_OBJC_MSGSEND = YES;
				ENABLE_TESTABILITY = YES;
				ENABLE_USER_SCRIPT_SANDBOXING = YES;
				GCC_C_LANGUAGE_STANDARD = gnu17;
				GCC_DYNAMIC_NO_PIC = NO;
				GCC_NO_COMMON_BLOCKS = YES;
				GCC_OPTIMIZATION_LEVEL = 0;
				GCC_PREPROCESSOR_DEFINITIONS = (
					"DEBUG=1",
					"$(inherited)",
				);
				GCC_WARN_64_TO_32_BIT_CONVERSION = YES;
				GCC_WARN_ABOUT_RETURN_TYPE = YES_ERROR;
				GCC_WARN_UNDECLARED_SELECTOR = YES;
				GCC_WARN_UNINITIALIZED_AUTOS = YES_AGGRESSIVE;
				GCC_WARN_UNUSED_FUNCTION = YES;
				GCC_WARN_UNUSED_VARIABLE = YES;
				IPHONEOS_DEPLOYMENT_TARGET = 17.0;
				LOCALIZATION_PREFERS_STRING_CATALOGS = YES;
				MTL_ENABLE_DEBUG_INFO = INCLUDE_SOURCE;
				MTL_FAST_MATH = YES;
				ONLY_ACTIVE_ARCH = YES;
				SDKROOT = iphoneos;
				SWIFT_ACTIVE_COMPILATION_CONDITIONS = "DEBUG $(inherited)";
				SWIFT_OPTIMIZATION_LEVEL = "-Onone";
			};
			name = Debug;
		};
		03234CFF2B13C43A00675675 /* Release */ = {
			isa = XCBuildConfiguration;
			buildSettings = {
				ALWAYS_SEARCH_USER_PATHS = NO;
				ASSETCATALOG_COMPILER_GENERATE_SWIFT_ASSET_SYMBOL_EXTENSIONS = YES;
				CLANG_ANALYZER_NONNULL = YES;
				CLANG_ANALYZER_NUMBER_OBJECT_CONVERSION = YES_AGGRESSIVE;
				CLANG_CXX_LANGUAGE_STANDARD = "gnu++20";
				CLANG_ENABLE_MODULES = YES;
				CLANG_ENABLE_OBJC_ARC = YES;
				CLANG_ENABLE_OBJC_WEAK = YES;
				CLANG_WARN_BLOCK_CAPTURE_AUTORELEASING = YES;
				CLANG_WARN_BOOL_CONVERSION = YES;
				CLANG_WARN_COMMA = YES;
				CLANG_WARN_CONSTANT_CONVERSION = YES;
				CLANG_WARN_DEPRECATED_OBJC_IMPLEMENTATIONS = YES;
				CLANG_WARN_DIRECT_OBJC_ISA_USAGE = YES_ERROR;
				CLANG_WARN_DOCUMENTATION_COMMENTS = YES;
				CLANG_WARN_EMPTY_BODY = YES;
				CLANG_WARN_ENUM_CONVERSION = YES;
				CLANG_WARN_INFINITE_RECURSION = YES;
				CLANG_WARN_INT_CONVERSION = YES;
				CLANG_WARN_NON_LITERAL_NULL_CONVERSION = YES;
				CLANG_WARN_OBJC_IMPLICIT_RETAIN_SELF = YES;
				CLANG_WARN_OBJC_LITERAL_CONVERSION = YES;
				CLANG_WARN_OBJC_ROOT_CLASS = YES_ERROR;
				CLANG_WARN_QUOTED_INCLUDE_IN_FRAMEWORK_HEADER = YES;
				CLANG_WARN_RANGE_LOOP_ANALYSIS = YES;
				CLANG_WARN_STRICT_PROTOTYPES = YES;
				CLANG_WARN_SUSPICIOUS_MOVE = YES;
				CLANG_WARN_UNGUARDED_AVAILABILITY = YES_AGGRESSIVE;
				CLANG_WARN_UNREACHABLE_CODE = YES;
				CLANG_WARN__DUPLICATE_METHOD_MATCH = YES;
				COPY_PHASE_STRIP = NO;
				DEBUG_INFORMATION_FORMAT = "dwarf-with-dsym";
				ENABLE_NS_ASSERTIONS = NO;
				ENABLE_STRICT_OBJC_MSGSEND = YES;
				ENABLE_USER_SCRIPT_SANDBOXING = YES;
				GCC_C_LANGUAGE_STANDARD = gnu17;
				GCC_NO_COMMON_BLOCKS = YES;
				GCC_WARN_64_TO_32_BIT_CONVERSION = YES;
				GCC_WARN_ABOUT_RETURN_TYPE = YES_ERROR;
				GCC_WARN_UNDECLARED_SELECTOR = YES;
				GCC_WARN_UNINITIALIZED_AUTOS = YES_AGGRESSIVE;
				GCC_WARN_UNUSED_FUNCTION = YES;
				GCC_WARN_UNUSED_VARIABLE = YES;
				IPHONEOS_DEPLOYMENT_TARGET = 17.0;
				LOCALIZATION_PREFERS_STRING_CATALOGS = YES;
				MTL_ENABLE_DEBUG_INFO = NO;
				MTL_FAST_MATH = YES;
				SDKROOT = iphoneos;
				SWIFT_COMPILATION_MODE = wholemodule;
				VALIDATE_PRODUCT = YES;
			};
			name = Release;
		};
		03234D012B13C43A00675675 /* Debug */ = {
			isa = XCBuildConfiguration;
			buildSettings = {
				ASSETCATALOG_COMPILER_APPICON_NAME = AppIcon;
				ASSETCATALOG_COMPILER_GLOBAL_ACCENT_COLOR_NAME = AccentColor;
				CODE_SIGN_STYLE = Automatic;
				CURRENT_PROJECT_VERSION = 1;
				DEVELOPMENT_TEAM = L4QW965425;
				GENERATE_INFOPLIST_FILE = YES;
				INFOPLIST_FILE = KiDAR/Info.plist;
				INFOPLIST_KEY_UIApplicationSupportsIndirectInputEvents = YES;
				INFOPLIST_KEY_UILaunchStoryboardName = LaunchScreen;
				INFOPLIST_KEY_UIMainStoryboardFile = Main;
				INFOPLIST_KEY_UISupportedInterfaceOrientations_iPad = "UIInterfaceOrientationPortrait UIInterfaceOrientationPortraitUpsideDown UIInterfaceOrientationLandscapeLeft UIInterfaceOrientationLandscapeRight";
				INFOPLIST_KEY_UISupportedInterfaceOrientations_iPhone = "UIInterfaceOrientationPortrait UIInterfaceOrientationLandscapeLeft UIInterfaceOrientationLandscapeRight";
				LD_RUNPATH_SEARCH_PATHS = (
					"$(inherited)",
					"@executable_path/Frameworks",
				);
				MARKETING_VERSION = 1.0;
				PRODUCT_BUNDLE_IDENTIFIER = MyPersonalTeam.KiDAR;
				PRODUCT_NAME = "$(TARGET_NAME)";
				SWIFT_EMIT_LOC_STRINGS = YES;
				SWIFT_VERSION = 5.0;
				TARGETED_DEVICE_FAMILY = "1,2";
			};
			name = Debug;
		};
		03234D022B13C43A00675675 /* Release */ = {
			isa = XCBuildConfiguration;
			buildSettings = {
				ASSETCATALOG_COMPILER_APPICON_NAME = AppIcon;
				ASSETCATALOG_COMPILER_GLOBAL_ACCENT_COLOR_NAME = AccentColor;
				CODE_SIGN_STYLE = Automatic;
				CURRENT_PROJECT_VERSION = 1;
				DEVELOPMENT_TEAM = L4QW965425;
				GENERATE_INFOPLIST_FILE = YES;
				INFOPLIST_FILE = KiDAR/Info.plist;
				INFOPLIST_KEY_UIApplicationSupportsIndirectInputEvents = YES;
				INFOPLIST_KEY_UILaunchStoryboardName = LaunchScreen;
				INFOPLIST_KEY_UIMainStoryboardFile = Main;
				INFOPLIST_KEY_UISupportedInterfaceOrientations_iPad = "UIInterfaceOrientationPortrait UIInterfaceOrientationPortraitUpsideDown UIInterfaceOrientationLandscapeLeft UIInterfaceOrientationLandscapeRight";
				INFOPLIST_KEY_UISupportedInterfaceOrientations_iPhone = "UIInterfaceOrientationPortrait UIInterfaceOrientationLandscapeLeft UIInterfaceOrientationLandscapeRight";
				LD_RUNPATH_SEARCH_PATHS = (
					"$(inherited)",
					"@executable_path/Frameworks",
				);
				MARKETING_VERSION = 1.0;
				PRODUCT_BUNDLE_IDENTIFIER = MyPersonalTeam.KiDAR;
				PRODUCT_NAME = "$(TARGET_NAME)";
				SWIFT_EMIT_LOC_STRINGS = YES;
				SWIFT_VERSION = 5.0;
				TARGETED_DEVICE_FAMILY = "1,2";
			};
			name = Release;
		};
		03234D042B13C43A00675675 /* Debug */ = {
			isa = XCBuildConfiguration;
			buildSettings = {
				ALWAYS_EMBED_SWIFT_STANDARD_LIBRARIES = YES;
				BUNDLE_LOADER = "$(TEST_HOST)";
				CODE_SIGN_STYLE = Automatic;
				CURRENT_PROJECT_VERSION = 1;
				DEVELOPMENT_TEAM = L4QW965425;
				GENERATE_INFOPLIST_FILE = YES;
				IPHONEOS_DEPLOYMENT_TARGET = 17.0;
				MARKETING_VERSION = 1.0;
				PRODUCT_BUNDLE_IDENTIFIER = MyPersonalTeam.KiDARTests;
				PRODUCT_NAME = "$(TARGET_NAME)";
				SWIFT_EMIT_LOC_STRINGS = NO;
				SWIFT_VERSION = 5.0;
				TARGETED_DEVICE_FAMILY = "1,2";
				TEST_HOST = "$(BUILT_PRODUCTS_DIR)/AiDAR.app/$(BUNDLE_EXECUTABLE_FOLDER_PATH)/AiDAR";
			};
			name = Debug;
		};
		03234D052B13C43A00675675 /* Release */ = {
			isa = XCBuildConfiguration;
			buildSettings = {
				ALWAYS_EMBED_SWIFT_STANDARD_LIBRARIES = YES;
				BUNDLE_LOADER = "$(TEST_HOST)";
				CODE_SIGN_STYLE = Automatic;
				CURRENT_PROJECT_VERSION = 1;
				DEVELOPMENT_TEAM = L4QW965425;
				GENERATE_INFOPLIST_FILE = YES;
				IPHONEOS_DEPLOYMENT_TARGET = 17.0;
				MARKETING_VERSION = 1.0;
				PRODUCT_BUNDLE_IDENTIFIER = MyPersonalTeam.KiDARTests;
				PRODUCT_NAME = "$(TARGET_NAME)";
				SWIFT_EMIT_LOC_STRINGS = NO;
				SWIFT_VERSION = 5.0;
				TARGETED_DEVICE_FAMILY = "1,2";
				TEST_HOST = "$(BUILT_PRODUCTS_DIR)/AiDAR.app/$(BUNDLE_EXECUTABLE_FOLDER_PATH)/AiDAR";
			};
			name = Release;
		};
		03234D072B13C43A00675675 /* Debug */ = {
			isa = XCBuildConfiguration;
			buildSettings = {
				ALWAYS_EMBED_SWIFT_STANDARD_LIBRARIES = YES;
				CODE_SIGN_STYLE = Automatic;
				CURRENT_PROJECT_VERSION = 1;
				DEVELOPMENT_TEAM = L4QW965425;
				GENERATE_INFOPLIST_FILE = YES;
				MARKETING_VERSION = 1.0;
				PRODUCT_BUNDLE_IDENTIFIER = MyPersonalTeam.KiDARUITests;
				PRODUCT_NAME = "$(TARGET_NAME)";
				SWIFT_EMIT_LOC_STRINGS = NO;
				SWIFT_VERSION = 5.0;
				TARGETED_DEVICE_FAMILY = "1,2";
				TEST_TARGET_NAME = KiDAR;
			};
			name = Debug;
		};
		03234D082B13C43A00675675 /* Release */ = {
			isa = XCBuildConfiguration;
			buildSettings = {
				ALWAYS_EMBED_SWIFT_STANDARD_LIBRARIES = YES;
				CODE_SIGN_STYLE = Automatic;
				CURRENT_PROJECT_VERSION = 1;
				DEVELOPMENT_TEAM = L4QW965425;
				GENERATE_INFOPLIST_FILE = YES;
				MARKETING_VERSION = 1.0;
				PRODUCT_BUNDLE_IDENTIFIER = MyPersonalTeam.KiDARUITests;
				PRODUCT_NAME = "$(TARGET_NAME)";
				SWIFT_EMIT_LOC_STRINGS = NO;
				SWIFT_VERSION = 5.0;
				TARGETED_DEVICE_FAMILY = "1,2";
				TEST_TARGET_NAME = KiDAR;
			};
			name = Release;
		};
/* End XCBuildConfiguration section */

/* Begin XCConfigurationList section */
		03234CD12B13C43900675675 /* Build configuration list for PBXProject "AiDAR" */ = {
			isa = XCConfigurationList;
			buildConfigurations = (
				03234CFE2B13C43A00675675 /* Debug */,
				03234CFF2B13C43A00675675 /* Release */,
			);
			defaultConfigurationIsVisible = 0;
			defaultConfigurationName = Release;
		};
		03234D002B13C43A00675675 /* Build configuration list for PBXNativeTarget "AiDAR" */ = {
			isa = XCConfigurationList;
			buildConfigurations = (
				03234D012B13C43A00675675 /* Debug */,
				03234D022B13C43A00675675 /* Release */,
			);
			defaultConfigurationIsVisible = 0;
			defaultConfigurationName = Release;
		};
		03234D032B13C43A00675675 /* Build configuration list for PBXNativeTarget "AiDARTests" */ = {
			isa = XCConfigurationList;
			buildConfigurations = (
				03234D042B13C43A00675675 /* Debug */,
				03234D052B13C43A00675675 /* Release */,
			);
			defaultConfigurationIsVisible = 0;
			defaultConfigurationName = Release;
		};
		03234D062B13C43A00675675 /* Build configuration list for PBXNativeTarget "AiDARUITests" */ = {
			isa = XCConfigurationList;
			buildConfigurations = (
				03234D072B13C43A00675675 /* Debug */,
				03234D082B13C43A00675675 /* Release */,
			);
			defaultConfigurationIsVisible = 0;
			defaultConfigurationName = Release;
		};
/* End XCConfigurationList section */
	};
	rootObject = 03234CCE2B13C43900675675 /* Project object */;
}
